
Microsoft Visual Studio Solution File, Format Version 12.00
# Visual Studio Version 17
VisualStudioVersion = 17.1.32421.90
MinimumVisualStudioVersion = 10.0.40219.1
Project("{FAE04EC0-301F-11D3-BF4B-00C04F79EFBC}") = "SelectionStatements", "SelectionStatements\SelectionStatements.csproj", "{50BAFB9A-10ED-4DFB-BB56-D964FC745BBF}"
EndProject
Global
	GlobalSection(SolutionConfigurationPlatforms) = preSolution
		Debug|Any CPU = Debug|Any CPU
		Release|Any CPU = Release|Any CPU
	EndGlobalSection
	GlobalSection(ProjectConfigurationPlatforms) = postSolution
		{50BAFB9A-10ED-4DFB-BB56-D964FC745BBF}.Debug|Any CPU.ActiveCfg = Debug|Any CPU
		{50BAFB9A-10ED-4DFB-BB56-D964FC745BBF}.Debug|Any CPU.Build.0 = Debug|Any CPU
		{50BAFB9A-10ED-4DFB-BB56-D964FC745BBF}.Release|Any CPU.ActiveCfg = Release|Any CPU
		{50BAFB9A-10ED-4DFB-BB56-D964FC745BBF}.Release|Any CPU.Build.0 = Release|Any CPU
	EndGlobalSection
	GlobalSection(SolutionProperties) = preSolution
		HideSolutionNode = FALSE
	EndGlobalSection
	GlobalSection(ExtensibilityGlobals) = postSolution
		SolutionGuid = {5126B6B4-578A-45D4-9A75-F978E06891D1}
	EndGlobalSection
EndGlobal
